
Microsoft Visual Studio Solution File, Format Version 12.00
# Visual Studio Version 17
VisualStudioVersion = 17.2.32630.192
MinimumVisualStudioVersion = 10.0.40219.1
Project("{FAE04EC0-301F-11D3-BF4B-00C04F79EFBC}") = "BlogMVC", "BlogMVC.csproj", "{CDFF702C-CF44-42E0-A00F-CCC63AFDDF6C}"
EndProject
Global
	GlobalSection(SolutionConfigurationPlatforms) = preSolution
		Debug|Any CPU = Debug|Any CPU
		Release|Any CPU = Release|Any CPU
	EndGlobalSection
	GlobalSection(ProjectConfigurationPlatforms) = postSolution
		{CDFF702C-CF44-42E0-A00F-CCC63AFDDF6C}.Debug|Any CPU.ActiveCfg = Debug|Any CPU
		{CDFF702C-CF44-42E0-A00F-CCC63AFDDF6C}.Debug|Any CPU.Build.0 = Debug|Any CPU
		{CDFF702C-CF44-42E0-A00F-CCC63AFDDF6C}.Release|Any CPU.ActiveCfg = Release|Any CPU
		{CDFF702C-CF44-42E0-A00F-CCC63AFDDF6C}.Release|Any CPU.Build.0 = Release|Any CPU
	EndGlobalSection
	GlobalSection(SolutionProperties) = preSolution
		HideSolutionNode = FALSE
	EndGlobalSection
	GlobalSection(ExtensibilityGlobals) = postSolution
		SolutionGuid = {318822F0-E234-4396-BB6E-1C6BB396EF81}
	EndGlobalSection
EndGlobal
